
Microsoft Visual Studio Solution File, Format Version 12.00
# Visual Studio 2012
Project("{FAE04EC0-301F-11D3-BF4B-00C04F79EFBC}") = "Logica.Negocio", "Logica.Negocio\Logica.Negocio.csproj", "{BDFAC2F8-3F8E-4215-B98E-FB82BC4CE8C5}"
EndProject
Project("{FAE04EC0-301F-11D3-BF4B-00C04F79EFBC}") = "Calculadora.Tests", "Calculadora.Tests\Calculadora.Tests.csproj", "{9EFD9143-410E-4440-8C1D-AD8CF1631708}"
EndProject
Global
	GlobalSection(SolutionConfigurationPlatforms) = preSolution
		Debug|Any CPU = Debug|Any CPU
		Release|Any CPU = Release|Any CPU
	EndGlobalSection
	GlobalSection(ProjectConfigurationPlatforms) = postSolution
		{BDFAC2F8-3F8E-4215-B98E-FB82BC4CE8C5}.Debug|Any CPU.ActiveCfg = Debug|Any CPU
		{BDFAC2F8-3F8E-4215-B98E-FB82BC4CE8C5}.Debug|Any CPU.Build.0 = Debug|Any CPU
		{BDFAC2F8-3F8E-4215-B98E-FB82BC4CE8C5}.Release|Any CPU.ActiveCfg = Release|Any CPU
		{BDFAC2F8-3F8E-4215-B98E-FB82BC4CE8C5}.Release|Any CPU.Build.0 = Release|Any CPU
		{9EFD9143-410E-4440-8C1D-AD8CF1631708}.Debug|Any CPU.ActiveCfg = Debug|Any CPU
		{9EFD9143-410E-4440-8C1D-AD8CF1631708}.Debug|Any CPU.Build.0 = Debug|Any CPU
		{9EFD9143-410E-4440-8C1D-AD8CF1631708}.Release|Any CPU.ActiveCfg = Release|Any CPU
		{9EFD9143-410E-4440-8C1D-AD8CF1631708}.Release|Any CPU.Build.0 = Release|Any CPU
	EndGlobalSection
	GlobalSection(SolutionProperties) = preSolution
		HideSolutionNode = FALSE
	EndGlobalSection
EndGlobal
